// !$*UTF8*$!
{
	archiveVersion = 1;
	classes = {
	};
	objectVersion = 56;
	objects = {

/* Begin PBXBuildFile section */
		5DF121342AC6FC9E00A04725 /* IconicNavigatorsApp.swift in Sources */ = {isa = PBXBuildFile; fileRef = 5DF121332AC6FC9E00A04725 /* IconicNavigatorsApp.swift */; };
		5DF121362AC6FC9E00A04725 /* ContentView.swift in Sources */ = {isa = PBXBuildFile; fileRef = 5DF121352AC6FC9E00A04725 /* ContentView.swift */; };
		5DF121382AC6FC9F00A04725 /* Assets.xcassets in Resources */ = {isa = PBXBuildFile; fileRef = 5DF121372AC6FC9F00A04725 /* Assets.xcassets */; };
		5DF1213B2AC6FC9F00A04725 /* Preview Assets.xcassets in Resources */ = {isa = PBXBuildFile; fileRef = 5DF1213A2AC6FC9F00A04725 /* Preview Assets.xcassets */; };
		5DF121422AC6FCBA00A04725 /* PrinceHenryView.swift in Sources */ = {isa = PBXBuildFile; fileRef = 5DF121412AC6FCBA00A04725 /* PrinceHenryView.swift */; };
		5DF121442AC6FCC300A04725 /* LincolnView.swift in Sources */ = {isa = PBXBuildFile; fileRef = 5DF121432AC6FCC300A04725 /* LincolnView.swift */; };
		5DF121462AC6FCD000A04725 /* ZeldaNaviView.swift in Sources */ = {isa = PBXBuildFile; fileRef = 5DF121452AC6FCD000A04725 /* ZeldaNaviView.swift */; };
		5DF121482AC6FCE100A04725 /* AppleMapsView.swift in Sources */ = {isa = PBXBuildFile; fileRef = 5DF121472AC6FCE100A04725 /* AppleMapsView.swift */; };
		5DF1214A2AC700EB00A04725 /* AudioPlayer.swift in Sources */ = {isa = PBXBuildFile; fileRef = 5DF121492AC700EB00A04725 /* AudioPlayer.swift */; };
		5DF1214C2AC7031300A04725 /* vroom.mp3 in Resources */ = {isa = PBXBuildFile; fileRef = 5DF1214B2AC7031300A04725 /* vroom.mp3 */; };
/* End PBXBuildFile section */

/* Begin PBXFileReference section */
		5DF121302AC6FC9E00A04725 /* IconicNavigators.app */ = {isa = PBXFileReference; explicitFileType = wrapper.application; includeInIndex = 0; path = IconicNavigators.app; sourceTree = BUILT_PRODUCTS_DIR; };
		5DF121332AC6FC9E00A04725 /* IconicNavigatorsApp.swift */ = {isa = PBXFileReference; lastKnownFileType = sourcecode.swift; path = IconicNavigatorsApp.swift; sourceTree = "<group>"; };
		5DF121352AC6FC9E00A04725 /* ContentView.swift */ = {isa = PBXFileReference; lastKnownFileType = sourcecode.swift; path = ContentView.swift; sourceTree = "<group>"; };
		5DF121372AC6FC9F00A04725 /* Assets.xcassets */ = {isa = PBXFileReference; lastKnownFileType = folder.assetcatalog; path = Assets.xcassets; sourceTree = "<group>"; };
		5DF1213A2AC6FC9F00A04725 /* Preview Assets.xcassets */ = {isa = PBXFileReference; lastKnownFileType = folder.assetcatalog; path = "Preview Assets.xcassets"; sourceTree = "<group>"; };
		5DF121412AC6FCBA00A04725 /* PrinceHenryView.swift */ = {isa = PBXFileReference; lastKnownFileType = sourcecode.swift; path = PrinceHenryView.swift; sourceTree = "<group>"; };
		5DF121432AC6FCC300A04725 /* LincolnView.swift */ = {isa = PBXFileReference; lastKnownFileType = sourcecode.swift; path = LincolnView.swift; sourceTree = "<group>"; };
		5DF121452AC6FCD000A04725 /* ZeldaNaviView.swift */ = {isa = PBXFileReference; lastKnownFileType = sourcecode.swift; path = ZeldaNaviView.swift; sourceTree = "<group>"; };
		5DF121472AC6FCE100A04725 /* AppleMapsView.swift */ = {isa = PBXFileReference; lastKnownFileType = sourcecode.swift; path = AppleMapsView.swift; sourceTree = "<group>"; };
		5DF121492AC700EB00A04725 /* AudioPlayer.swift */ = {isa = PBXFileReference; lastKnownFileType = sourcecode.swift; path = AudioPlayer.swift; sourceTree = "<group>"; };
		5DF1214B2AC7031300A04725 /* vroom.mp3 */ = {isa = PBXFileReference; lastKnownFileType = audio.mp3; path = vroom.mp3; sourceTree = "<group>"; };
/* End PBXFileReference section */

/* Begin PBXFrameworksBuildPhase section */
		5DF1212D2AC6FC9E00A04725 /* Frameworks */ = {
			isa = PBXFrameworksBuildPhase;
			buildActionMask = 2147483647;
			files = (
			);
			runOnlyForDeploymentPostprocessing = 0;
		};
/* End PBXFrameworksBuildPhase section */

/* Begin PBXGroup section */
		5DF121272AC6FC9E00A04725 = {
			isa = PBXGroup;
			children = (
				5DF121322AC6FC9E00A04725 /* IconicNavigators */,
				5DF121312AC6FC9E00A04725 /* Products */,
			);
			sourceTree = "<group>";
		};
		5DF121312AC6FC9E00A04725 /* Products */ = {
			isa = PBXGroup;
			children = (
				5DF121302AC6FC9E00A04725 /* IconicNavigators.app */,
			);
			name = Products;
			sourceTree = "<group>";
		};
		5DF121322AC6FC9E00A04725 /* IconicNavigators */ = {
			isa = PBXGroup;
			children = (
				5DF121332AC6FC9E00A04725 /* IconicNavigatorsApp.swift */,
				5DF121352AC6FC9E00A04725 /* ContentView.swift */,
				5DF121412AC6FCBA00A04725 /* PrinceHenryView.swift */,
				5DF121432AC6FCC300A04725 /* LincolnView.swift */,
				5DF121452AC6FCD000A04725 /* ZeldaNaviView.swift */,
				5DF121472AC6FCE100A04725 /* AppleMapsView.swift */,
				5DF121492AC700EB00A04725 /* AudioPlayer.swift */,
				5DF1214B2AC7031300A04725 /* vroom.mp3 */,
				5DF121372AC6FC9F00A04725 /* Assets.xcassets */,
				5DF121392AC6FC9F00A04725 /* Preview Content */,
			);
			path = IconicNavigators;
			sourceTree = "<group>";
		};
		5DF121392AC6FC9F00A04725 /* Preview Content */ = {
			isa = PBXGroup;
			children = (
				5DF1213A2AC6FC9F00A04725 /* Preview Assets.xcassets */,
			);
			path = "Preview Content";
			sourceTree = "<group>";
		};
/* End PBXGroup section */

/* Begin PBXNativeTarget section */
		5DF1212F2AC6FC9E00A04725 /* IconicNavigators */ = {
			isa = PBXNativeTarget;
			buildConfigurationList = 5DF1213E2AC6FC9F00A04725 /* Build configuration list for PBXNativeTarget "IconicNavigators" */;
			buildPhases = (
				5DF1212C2AC6FC9E00A04725 /* Sources */,
				5DF1212D2AC6FC9E00A04725 /* Frameworks */,
				5DF1212E2AC6FC9E00A04725 /* Resources */,
			);
			buildRules = (
			);
			dependencies = (
			);
			name = IconicNavigators;
			productName = IconicNavigators;
			productReference = 5DF121302AC6FC9E00A04725 /* IconicNavigators.app */;
			productType = "com.apple.product-type.application";
		};
/* End PBXNativeTarget section */

/* Begin PBXProject section */
		5DF121282AC6FC9E00A04725 /* Project object */ = {
			isa = PBXProject;
			attributes = {
				BuildIndependentTargetsInParallel = 1;
				LastSwiftUpdateCheck = 1430;
				LastUpgradeCheck = 1430;
				TargetAttributes = {
					5DF1212F2AC6FC9E00A04725 = {
						CreatedOnToolsVersion = 14.3.1;
					};
				};
			};
			buildConfigurationList = 5DF1212B2AC6FC9E00A04725 /* Build configuration list for PBXProject "IconicNavigators" */;
			compatibilityVersion = "Xcode 14.0";
			developmentRegion = en;
			hasScannedForEncodings = 0;
			knownRegions = (
				en,
				Base,
			);
			mainGroup = 5DF121272AC6FC9E00A04725;
			productRefGroup = 5DF121312AC6FC9E00A04725 /* Products */;
			projectDirPath = "";
			projectRoot = "";
			targets = (
				5DF1212F2AC6FC9E00A04725 /* IconicNavigators */,
			);
		};
/* End PBXProject section */

/* Begin PBXResourcesBuildPhase section */
		5DF1212E2AC6FC9E00A04725 /* Resources */ = {
			isa = PBXResourcesBuildPhase;
			buildActionMask = 2147483647;
			files = (
				5DF1213B2AC6FC9F00A04725 /* Preview Assets.xcassets in Resources */,
				5DF121382AC6FC9F00A04725 /* Assets.xcassets in Resources */,
				5DF1214C2AC7031300A04725 /* vroom.mp3 in Resources */,
			);
			runOnlyForDeploymentPostprocessing = 0;
		};
/* End PBXResourcesBuildPhase section */

/* Begin PBXSourcesBuildPhase section */
		5DF1212C2AC6FC9E00A04725 /* Sources */ = {
			isa = PBXSourcesBuildPhase;
			buildActionMask = 2147483647;
			files = (
				5DF121422AC6FCBA00A04725 /* PrinceHenryView.swift in Sources */,
				5DF121362AC6FC9E00A04725 /* ContentView.swift in Sources */,
				5DF121442AC6FCC300A04725 /* LincolnView.swift in Sources */,
				5DF121342AC6FC9E00A04725 /* IconicNavigatorsApp.swift in Sources */,
				5DF121482AC6FCE100A04725 /* AppleMapsView.swift in Sources */,
				5DF121462AC6FCD000A04725 /* ZeldaNaviView.swift in Sources */,
				5DF1214A2AC700EB00A04725 /* AudioPlayer.swift in Sources */,
			);
			runOnlyForDeploymentPostprocessing = 0;
		};
/* End PBXSourcesBuildPhase section */

/* Begin XCBuildConfiguration section */
		5DF1213C2AC6FC9F00A04725 /* Debug */ = {
			isa = XCBuildConfiguration;
			buildSettings = {
				ALWAYS_SEARCH_USER_PATHS = NO;
				CLANG_ANALYZER_NONNULL = YES;
				CLANG_ANALYZER_NUMBER_OBJECT_CONVERSION = YES_AGGRESSIVE;
				CLANG_CXX_LANGUAGE_STANDARD = "gnu++20";
				CLANG_ENABLE_MODULES = YES;
				CLANG_ENABLE_OBJC_ARC = YES;
				CLANG_ENABLE_OBJC_WEAK = YES;
				CLANG_WARN_BLOCK_CAPTURE_AUTORELEASING = YES;
				CLANG_WARN_BOOL_CONVERSION = YES;
				CLANG_WARN_COMMA = YES;
				CLANG_WARN_CONSTANT_CONVERSION = YES;
				CLANG_WARN_DEPRECATED_OBJC_IMPLEMENTATIONS = YES;
				CLANG_WARN_DIRECT_OBJC_ISA_USAGE = YES_ERROR;
				CLANG_WARN_DOCUMENTATION_COMMENTS = YES;
				CLANG_WARN_EMPTY_BODY = YES;
				CLANG_WARN_ENUM_CONVERSION = YES;
				CLANG_WARN_INFINITE_RECURSION = YES;
				CLANG_WARN_INT_CONVERSION = YES;
				CLANG_WARN_NON_LITERAL_NULL_CONVERSION = YES;
				CLANG_WARN_OBJC_IMPLICIT_RETAIN_SELF = YES;
				CLANG_WARN_OBJC_LITERAL_CONVERSION = YES;
				CLANG_WARN_OBJC_ROOT_CLASS = YES_ERROR;
				CLANG_WARN_QUOTED_INCLUDE_IN_FRAMEWORK_HEADER = YES;
				CLANG_WARN_RANGE_LOOP_ANALYSIS = YES;
				CLANG_WARN_STRICT_PROTOTYPES = YES;
				CLANG_WARN_SUSPICIOUS_MOVE = YES;
				CLANG_WARN_UNGUARDED_AVAILABILITY = YES_AGGRESSIVE;
				CLANG_WARN_UNREACHABLE_CODE = YES;
				CLANG_WARN__DUPLICATE_METHOD_MATCH = YES;
				COPY_PHASE_STRIP = NO;
				DEBUG_INFORMATION_FORMAT = dwarf;
				ENABLE_STRICT_OBJC_MSGSEND = YES;
				ENABLE_TESTABILITY = YES;
				GCC_C_LANGUAGE_STANDARD = gnu11;
				GCC_DYNAMIC_NO_PIC = NO;
				GCC_NO_COMMON_BLOCKS = YES;
				GCC_OPTIMIZATION_LEVEL = 0;
				GCC_PREPROCESSOR_DEFINITIONS = (
					"DEBUG=1",
					"$(inherited)",
				);
				GCC_WARN_64_TO_32_BIT_CONVERSION = YES;
				GCC_WARN_ABOUT_RETURN_TYPE = YES_ERROR;
				GCC_WARN_UNDECLARED_SELECTOR = YES;
				GCC_WARN_UNINITIALIZED_AUTOS = YES_AGGRESSIVE;
				GCC_WARN_UNUSED_FUNCTION = YES;
				GCC_WARN_UNUSED_VARIABLE = YES;
				IPHONEOS_DEPLOYMENT_TARGET = 16.4;
				MTL_ENABLE_DEBUG_INFO = INCLUDE_SOURCE;
				MTL_FAST_MATH = YES;
				ONLY_ACTIVE_ARCH = YES;
				SDKROOT = iphoneos;
				SWIFT_ACTIVE_COMPILATION_CONDITIONS = DEBUG;
				SWIFT_OPTIMIZATION_LEVEL = "-Onone";
			};
			name = Debug;
		};
		5DF1213D2AC6FC9F00A04725 /* Release */ = {
			isa = XCBuildConfiguration;
			buildSettings = {
				ALWAYS_SEARCH_USER_PATHS = NO;
				CLANG_ANALYZER_NONNULL = YES;
				CLANG_ANALYZER_NUMBER_OBJECT_CONVERSION = YES_AGGRESSIVE;
				CLANG_CXX_LANGUAGE_STANDARD = "gnu++20";
				CLANG_ENABLE_MODULES = YES;
				CLANG_ENABLE_OBJC_ARC = YES;
				CLANG_ENABLE_OBJC_WEAK = YES;
				CLANG_WARN_BLOCK_CAPTURE_AUTORELEASING = YES;
				CLANG_WARN_BOOL_CONVERSION = YES;
				CLANG_WARN_COMMA = YES;
				CLANG_WARN_CONSTANT_CONVERSION = YES;
				CLANG_WARN_DEPRECATED_OBJC_IMPLEMENTATIONS = YES;
				CLANG_WARN_DIRECT_OBJC_ISA_USAGE = YES_ERROR;
				CLANG_WARN_DOCUMENTATION_COMMENTS = YES;
				CLANG_WARN_EMPTY_BODY = YES;
				CLANG_WARN_ENUM_CONVERSION = YES;
				CLANG_WARN_INFINITE_RECURSION = YES;
				CLANG_WARN_INT_CONVERSION = YES;
				CLANG_WARN_NON_LITERAL_NULL_CONVERSION = YES;
				CLANG_WARN_OBJC_IMPLICIT_RETAIN_SELF = YES;
				CLANG_WARN_OBJC_LITERAL_CONVERSION = YES;
				CLANG_WARN_OBJC_ROOT_CLASS = YES_ERROR;
				CLANG_WARN_QUOTED_INCLUDE_IN_FRAMEWORK_HEADER = YES;
				CLANG_WARN_RANGE_LOOP_ANALYSIS = YES;
				CLANG_WARN_STRICT_PROTOTYPES = YES;
				CLANG_WARN_SUSPICIOUS_MOVE = YES;
				CLANG_WARN_UNGUARDED_AVAILABILITY = YES_AGGRESSIVE;
				CLANG_WARN_UNREACHABLE_CODE = YES;
				CLANG_WARN__DUPLICATE_METHOD_MATCH = YES;
				COPY_PHASE_STRIP = NO;
				DEBUG_INFORMATION_FORMAT = "dwarf-with-dsym";
				ENABLE_NS_ASSERTIONS = NO;
				ENABLE_STRICT_OBJC_MSGSEND = YES;
				GCC_C_LANGUAGE_STANDARD = gnu11;
				GCC_NO_COMMON_BLOCKS = YES;
				GCC_WARN_64_TO_32_BIT_CONVERSION = YES;
				GCC_WARN_ABOUT_RETURN_TYPE = YES_ERROR;
				GCC_WARN_UNDECLARED_SELECTOR = YES;
				GCC_WARN_UNINITIALIZED_AUTOS = YES_AGGRESSIVE;
				GCC_WARN_UNUSED_FUNCTION = YES;
				GCC_WARN_UNUSED_VARIABLE = YES;
				IPHONEOS_DEPLOYMENT_TARGET = 16.4;
				MTL_ENABLE_DEBUG_INFO = NO;
				MTL_FAST_MATH = YES;
				SDKROOT = iphoneos;
				SWIFT_COMPILATION_MODE = wholemodule;
				SWIFT_OPTIMIZATION_LEVEL = "-O";
				VALIDATE_PRODUCT = YES;
			};
			name = Release;
		};
		5DF1213F2AC6FC9F00A04725 /* Debug */ = {
			isa = XCBuildConfiguration;
			buildSettings = {
				ASSETCATALOG_COMPILER_APPICON_NAME = AppIcon;
				ASSETCATALOG_COMPILER_GLOBAL_ACCENT_COLOR_NAME = AccentColor;
				CODE_SIGN_STYLE = Automatic;
				CURRENT_PROJECT_VERSION = 1;
				DEVELOPMENT_ASSET_PATHS = "\"IconicNavigators/Preview Content\"";
				DEVELOPMENT_TEAM = 94AXJS8DQZ;
				ENABLE_PREVIEWS = YES;
				GENERATE_INFOPLIST_FILE = YES;
				INFOPLIST_KEY_UIApplicationSceneManifest_Generation = YES;
				INFOPLIST_KEY_UIApplicationSupportsIndirectInputEvents = YES;
				INFOPLIST_KEY_UILaunchScreen_Generation = YES;
				INFOPLIST_KEY_UISupportedInterfaceOrientations_iPad = "UIInterfaceOrientationPortrait UIInterfaceOrientationPortraitUpsideDown UIInterfaceOrientationLandscapeLeft UIInterfaceOrientationLandscapeRight";
				INFOPLIST_KEY_UISupportedInterfaceOrientations_iPhone = "UIInterfaceOrientationPortrait UIInterfaceOrientationLandscapeLeft UIInterfaceOrientationLandscapeRight";
				LD_RUNPATH_SEARCH_PATHS = (
					"$(inherited)",
					"@executable_path/Frameworks",
				);
				MARKETING_VERSION = 1.0;
				PRODUCT_BUNDLE_IDENTIFIER = com.zcutlerf.IconicNavigators;
				PRODUCT_NAME = "$(TARGET_NAME)";
				SWIFT_EMIT_LOC_STRINGS = YES;
				SWIFT_VERSION = 5.0;
				TARGETED_DEVICE_FAMILY = "1,2";
			};
			name = Debug;
		};
		5DF121402AC6FC9F00A04725 /* Release */ = {
			isa = XCBuildConfiguration;
			buildSettings = {
				ASSETCATALOG_COMPILER_APPICON_NAME = AppIcon;
				ASSETCATALOG_COMPILER_GLOBAL_ACCENT_COLOR_NAME = AccentColor;
				CODE_SIGN_STYLE = Automatic;
				CURRENT_PROJECT_VERSION = 1;
				DEVELOPMENT_ASSET_PATHS = "\"IconicNavigators/Preview Content\"";
				DEVELOPMENT_TEAM = 94AXJS8DQZ;
				ENABLE_PREVIEWS = YES;
				GENERATE_INFOPLIST_FILE = YES;
				INFOPLIST_KEY_UIApplicationSceneManifest_Generation = YES;
				INFOPLIST_KEY_UIApplicationSupportsIndirectInputEvents = YES;
				INFOPLIST_KEY_UILaunchScreen_Generation = YES;
				INFOPLIST_KEY_UISupportedInterfaceOrientations_iPad = "UIInterfaceOrientationPortrait UIInterfaceOrientationPortraitUpsideDown UIInterfaceOrientationLandscapeLeft UIInterfaceOrientationLandscapeRight";
				INFOPLIST_KEY_UISupportedInterfaceOrientations_iPhone = "UIInterfaceOrientationPortrait UIInterfaceOrientationLandscapeLeft UIInterfaceOrientationLandscapeRight";
				LD_RUNPATH_SEARCH_PATHS = (
					"$(inherited)",
					"@executable_path/Frameworks",
				);
				MARKETING_VERSION = 1.0;
				PRODUCT_BUNDLE_IDENTIFIER = com.zcutlerf.IconicNavigators;
				PRODUCT_NAME = "$(TARGET_NAME)";
				SWIFT_EMIT_LOC_STRINGS = YES;
				SWIFT_VERSION = 5.0;
				TARGETED_DEVICE_FAMILY = "1,2";
			};
			name = Release;
		};
/* End XCBuildConfiguration section */

/* Begin XCConfigurationList section */
		5DF1212B2AC6FC9E00A04725 /* Build configuration list for PBXProject "IconicNavigators" */ = {
			isa = XCConfigurationList;
			buildConfigurations = (
				5DF1213C2AC6FC9F00A04725 /* Debug */,
				5DF1213D2AC6FC9F00A04725 /* Release */,
			);
			defaultConfigurationIsVisible = 0;
			defaultConfigurationName = Release;
		};
		5DF1213E2AC6FC9F00A04725 /* Build configuration list for PBXNativeTarget "IconicNavigators" */ = {
			isa = XCConfigurationList;
			buildConfigurations = (
				5DF1213F2AC6FC9F00A04725 /* Debug */,
				5DF121402AC6FC9F00A04725 /* Release */,
			);
			defaultConfigurationIsVisible = 0;
			defaultConfigurationName = Release;
		};
/* End XCConfigurationList section */
	};
	rootObject = 5DF121282AC6FC9E00A04725 /* Project object */;
}
